
Microsoft Visual Studio Solution File, Format Version 12.00
# Visual Studio Version 17
VisualStudioVersion = 17.13.35931.197 d17.13
MinimumVisualStudioVersion = 10.0.40219.1
Project("{FAE04EC0-301F-11D3-BF4B-00C04F79EFBC}") = "MVVM_Pruefprogramm", "MVVM_Pruefprogramm\MVVM_Pruefprogramm.csproj", "{C91B9E9F-D614-43FA-8E8E-CCD1AD5C4F49}"
EndProject
Global
	GlobalSection(SolutionConfigurationPlatforms) = preSolution
		Debug|Any CPU = Debug|Any CPU
		Release|Any CPU = Release|Any CPU
	EndGlobalSection
	GlobalSection(ProjectConfigurationPlatforms) = postSolution
		{C91B9E9F-D614-43FA-8E8E-CCD1AD5C4F49}.Debug|Any CPU.ActiveCfg = Debug|Any CPU
		{C91B9E9F-D614-43FA-8E8E-CCD1AD5C4F49}.Debug|Any CPU.Build.0 = Debug|Any CPU
		{C91B9E9F-D614-43FA-8E8E-CCD1AD5C4F49}.Release|Any CPU.ActiveCfg = Release|Any CPU
		{C91B9E9F-D614-43FA-8E8E-CCD1AD5C4F49}.Release|Any CPU.Build.0 = Release|Any CPU
	EndGlobalSection
	GlobalSection(SolutionProperties) = preSolution
		HideSolutionNode = FALSE
	EndGlobalSection
	GlobalSection(ExtensibilityGlobals) = postSolution
		SolutionGuid = {92DC271D-D381-453C-9B77-690C00D8745A}
	EndGlobalSection
EndGlobal
